{
  "name": "Toko",
  "lockfileVersion": 2,
  "requires": true,
  "packages": {
    "": {
      "dependencies": {
        "jquery.repeater": "^1.2.1"
      }
    },
    "node_modules/jquery.repeater": {
      "version": "1.2.1",
      "resolved": "https://registry.npmjs.org/jquery.repeater/-/jquery.repeater-1.2.1.tgz",
      "integrity": "sha1-6ihKaTdL9EeNwuYK9ecFsWnLFRQ="
    }
  },
  "dependencies": {
    "jquery.repeater": {
      "version": "1.2.1",
      "resolved": "https://registry.npmjs.org/jquery.repeater/-/jquery.repeater-1.2.1.tgz",
      "integrity": "sha1-6ihKaTdL9EeNwuYK9ecFsWnLFRQ="
    }
  }
}
